
Microsoft Visual Studio Solution File, Format Version 12.00
# Visual Studio Version 17
VisualStudioVersion = 17.4.33122.133
MinimumVisualStudioVersion = 10.0.40219.1
Project("{FAE04EC0-301F-11D3-BF4B-00C04F79EFBC}") = "EventTentRental", "EventTentRental\EventTentRental.csproj", "{A456F07D-D462-476F-9E25-A7FF4180D2BB}"
EndProject
Project("{FAE04EC0-301F-11D3-BF4B-00C04F79EFBC}") = "EventTentRental.Application", "EventTentRental.Application\EventTentRental.Application.csproj", "{F46F7B8B-4DE1-44C2-9044-A0F58683632E}"
EndProject
Project("{FAE04EC0-301F-11D3-BF4B-00C04F79EFBC}") = "EventTentRental.Databases", "EventTentRental.Databases\EventTentRental.Databases.csproj", "{C7D237E7-4D74-4DE5-86AC-92E099824A4E}"
EndProject
Global
	GlobalSection(SolutionConfigurationPlatforms) = preSolution
		Debug|Any CPU = Debug|Any CPU
		Release|Any CPU = Release|Any CPU
	EndGlobalSection
	GlobalSection(ProjectConfigurationPlatforms) = postSolution
		{A456F07D-D462-476F-9E25-A7FF4180D2BB}.Debug|Any CPU.ActiveCfg = Debug|Any CPU
		{A456F07D-D462-476F-9E25-A7FF4180D2BB}.Debug|Any CPU.Build.0 = Debug|Any CPU
		{A456F07D-D462-476F-9E25-A7FF4180D2BB}.Release|Any CPU.ActiveCfg = Release|Any CPU
		{A456F07D-D462-476F-9E25-A7FF4180D2BB}.Release|Any CPU.Build.0 = Release|Any CPU
		{F46F7B8B-4DE1-44C2-9044-A0F58683632E}.Debug|Any CPU.ActiveCfg = Debug|Any CPU
		{F46F7B8B-4DE1-44C2-9044-A0F58683632E}.Debug|Any CPU.Build.0 = Debug|Any CPU
		{F46F7B8B-4DE1-44C2-9044-A0F58683632E}.Release|Any CPU.ActiveCfg = Release|Any CPU
		{F46F7B8B-4DE1-44C2-9044-A0F58683632E}.Release|Any CPU.Build.0 = Release|Any CPU
		{C7D237E7-4D74-4DE5-86AC-92E099824A4E}.Debug|Any CPU.ActiveCfg = Debug|Any CPU
		{C7D237E7-4D74-4DE5-86AC-92E099824A4E}.Debug|Any CPU.Build.0 = Debug|Any CPU
		{C7D237E7-4D74-4DE5-86AC-92E099824A4E}.Release|Any CPU.ActiveCfg = Release|Any CPU
		{C7D237E7-4D74-4DE5-86AC-92E099824A4E}.Release|Any CPU.Build.0 = Release|Any CPU
	EndGlobalSection
	GlobalSection(SolutionProperties) = preSolution
		HideSolutionNode = FALSE
	EndGlobalSection
	GlobalSection(ExtensibilityGlobals) = postSolution
		SolutionGuid = {D7CC49B0-E0A4-4FC1-B92D-D095C50D97D6}
	EndGlobalSection
EndGlobal
